// !$*UTF8*$!
{
	archiveVersion = 1;
	classes = {
	};
	objectVersion = 46;
	objects = {

/* Begin PBXBuildFile section */
		9E08E83C19E2981800DFD7CA /* UISearchBar+Extend.m in Sources */ = {isa = PBXBuildFile; fileRef = 9E08E83B19E2981800DFD7CA /* UISearchBar+Extend.m */; };
		9E08E83F19E29E1B00DFD7CA /* UIViewController+Extend.m in Sources */ = {isa = PBXBuildFile; fileRef = 9E08E83E19E29E1B00DFD7CA /* UIViewController+Extend.m */; };
		9EF130E819E029A900843F02 /* main.m in Sources */ = {isa = PBXBuildFile; fileRef = 9EF130E719E029A900843F02 /* main.m */; };
		9EF130EB19E029A900843F02 /* AppDelegate.m in Sources */ = {isa = PBXBuildFile; fileRef = 9EF130EA19E029A900843F02 /* AppDelegate.m */; };
		9EF130EE19E029AA00843F02 /* ViewController.m in Sources */ = {isa = PBXBuildFile; fileRef = 9EF130ED19E029AA00843F02 /* ViewController.m */; };
		9EF130F119E029AA00843F02 /* Main.storyboard in Resources */ = {isa = PBXBuildFile; fileRef = 9EF130EF19E029AA00843F02 /* Main.storyboard */; };
		9EF130F319E029AA00843F02 /* Images.xcassets in Resources */ = {isa = PBXBuildFile; fileRef = 9EF130F219E029AA00843F02 /* Images.xcassets */; };
		9EF130F619E029AA00843F02 /* LaunchScreen.xib in Resources */ = {isa = PBXBuildFile; fileRef = 9EF130F419E029AA00843F02 /* LaunchScreen.xib */; };
		9EF1310219E029AA00843F02 /* PianoMemoryTests.m in Sources */ = {isa = PBXBuildFile; fileRef = 9EF1310119E029AA00843F02 /* PianoMemoryTests.m */; };
		9EF1314A19E02FF200843F02 /* FMObject.m in Sources */ = {isa = PBXBuildFile; fileRef = 9EF1311319E02FF200843F02 /* FMObject.m */; };
		9EF1314C19E02FF200843F02 /* FMSyncStorage.m in Sources */ = {isa = PBXBuildFile; fileRef = 9EF1311719E02FF200843F02 /* FMSyncStorage.m */; };
		9EF1314D19E02FF200843F02 /* HCObject.m in Sources */ = {isa = PBXBuildFile; fileRef = 9EF1311919E02FF200843F02 /* HCObject.m */; };
		9EF1314E19E02FF200843F02 /* Checkbox.m in Sources */ = {isa = PBXBuildFile; fileRef = 9EF1311C19E02FF200843F02 /* Checkbox.m */; };
		9EF1315319E02FF200843F02 /* HCUtils.m in Sources */ = {isa = PBXBuildFile; fileRef = 9EF1312619E02FF200843F02 /* HCUtils.m */; };
		9EF1315419E02FF200843F02 /* MathExtend.m in Sources */ = {isa = PBXBuildFile; fileRef = 9EF1312819E02FF200843F02 /* MathExtend.m */; };
		9EF1315519E02FF200843F02 /* NSDate+Extend.m in Sources */ = {isa = PBXBuildFile; fileRef = 9EF1312A19E02FF200843F02 /* NSDate+Extend.m */; };
		9EF1315619E02FF200843F02 /* NSDictionary+Extend.m in Sources */ = {isa = PBXBuildFile; fileRef = 9EF1312C19E02FF200843F02 /* NSDictionary+Extend.m */; };
		9EF1315719E02FF200843F02 /* NSString+Extend.m in Sources */ = {isa = PBXBuildFile; fileRef = 9EF1312E19E02FF200843F02 /* NSString+Extend.m */; };
		9EF1315819E02FF200843F02 /* UIColor+Extend.m in Sources */ = {isa = PBXBuildFile; fileRef = 9EF1313019E02FF200843F02 /* UIColor+Extend.m */; };
		9EF1315919E02FF200843F02 /* UIDevice+Extend.m in Sources */ = {isa = PBXBuildFile; fileRef = 9EF1313219E02FF200843F02 /* UIDevice+Extend.m */; };
		9EF1315A19E02FF200843F02 /* UIImage+Additional.m in Sources */ = {isa = PBXBuildFile; fileRef = 9EF1313419E02FF200843F02 /* UIImage+Additional.m */; };
		9EF1315B19E02FF200843F02 /* UIImage+Extend.m in Sources */ = {isa = PBXBuildFile; fileRef = 9EF1313619E02FF200843F02 /* UIImage+Extend.m */; };
		9EF1315C19E02FF200843F02 /* UINavigationBar+Extend.m in Sources */ = {isa = PBXBuildFile; fileRef = 9EF1313819E02FF200843F02 /* UINavigationBar+Extend.m */; };
		9EF1315D19E02FF200843F02 /* UINavigationItem+iOS7.m in Sources */ = {isa = PBXBuildFile; fileRef = 9EF1313A19E02FF200843F02 /* UINavigationItem+iOS7.m */; };
		9EF1315E19E02FF200843F02 /* UITableViewCell+CellHeader.m in Sources */ = {isa = PBXBuildFile; fileRef = 9EF1313C19E02FF200843F02 /* UITableViewCell+CellHeader.m */; };
		9EF1315F19E02FF200843F02 /* UITableViewCell+SelectedView.m in Sources */ = {isa = PBXBuildFile; fileRef = 9EF1313E19E02FF200843F02 /* UITableViewCell+SelectedView.m */; };
		9EF1316019E02FF200843F02 /* UIView+ScreenShot.m in Sources */ = {isa = PBXBuildFile; fileRef = 9EF1314019E02FF200843F02 /* UIView+ScreenShot.m */; };
		9EF1316419E02FF200843F02 /* ZBStyleUtils.m in Sources */ = {isa = PBXBuildFile; fileRef = 9EF1314819E02FF200843F02 /* ZBStyleUtils.m */; };
		9EF1316719E0308900843F02 /* PMLocalStorage.m in Sources */ = {isa = PBXBuildFile; fileRef = 9EF1316619E0308900843F02 /* PMLocalStorage.m */; };
		9EF1316A19E0318000843F02 /* PMStudent.m in Sources */ = {isa = PBXBuildFile; fileRef = 9EF1316919E0318000843F02 /* PMStudent.m */; };
		9EF1316D19E0323000843F02 /* PMCourse.m in Sources */ = {isa = PBXBuildFile; fileRef = 9EF1316C19E0323000843F02 /* PMCourse.m */; };
		9EF1317019E0357C00843F02 /* PMCourseSchedule.m in Sources */ = {isa = PBXBuildFile; fileRef = 9EF1316F19E0357C00843F02 /* PMCourseSchedule.m */; };
		9EF1317219E0471700843F02 /* CoreGraphics.framework in Frameworks */ = {isa = PBXBuildFile; fileRef = 9EF1317119E0471700843F02 /* CoreGraphics.framework */; };
		9EF1317419E0476F00843F02 /* Foundation.framework in Frameworks */ = {isa = PBXBuildFile; fileRef = 9EF1317319E0476F00843F02 /* Foundation.framework */; };
		9EF1317619E0477D00843F02 /* UIKit.framework in Frameworks */ = {isa = PBXBuildFile; fileRef = 9EF1317519E0477D00843F02 /* UIKit.framework */; };
		9EF1317B19E0C9BA00843F02 /* PMStudentBrowseViewController.m in Sources */ = {isa = PBXBuildFile; fileRef = 9EF1317A19E0C9BA00843F02 /* PMStudentBrowseViewController.m */; };
		9EF1317F19E0CD6C00843F02 /* PMStudentBrowseTableViewCell.m in Sources */ = {isa = PBXBuildFile; fileRef = 9EF1317E19E0CD6C00843F02 /* PMStudentBrowseTableViewCell.m */; };
		9EF1318319E103D300843F02 /* LunarCalendar.m in Sources */ = {isa = PBXBuildFile; fileRef = 9EF1318219E103D300843F02 /* LunarCalendar.m */; };
		9EF1318719E1103B00843F02 /* FMWeekCalendarView.m in Sources */ = {isa = PBXBuildFile; fileRef = 9EF1318619E1103B00843F02 /* FMWeekCalendarView.m */; };
		9EF1318A19E1744A00843F02 /* PMCourseScheduleTableViewCell.m in Sources */ = {isa = PBXBuildFile; fileRef = 9EF1318919E1744A00843F02 /* PMCourseScheduleTableViewCell.m */; };
		9EF1318D19E1770700843F02 /* PMTodayCourseScheduleViewController.m in Sources */ = {isa = PBXBuildFile; fileRef = 9EF1318C19E1770700843F02 /* PMTodayCourseScheduleViewController.m */; };
		9EF1319219E184E300843F02 /* PMManualAddStudentUIViewController.m in Sources */ = {isa = PBXBuildFile; fileRef = 9EF1319119E184E300843F02 /* PMManualAddStudentUIViewController.m */; };
		9EF1319519E2299E00843F02 /* PMStudent+Wrapper.m in Sources */ = {isa = PBXBuildFile; fileRef = 9EF1319419E2299E00843F02 /* PMStudent+Wrapper.m */; };
		9EF1319919E2322300843F02 /* PMLocalServer.m in Sources */ = {isa = PBXBuildFile; fileRef = 9EF1319819E2322300843F02 /* PMLocalServer.m */; };
		9EF131A119E24AEC00843F02 /* UIViewController+WithKeyboardNotification.m in Sources */ = {isa = PBXBuildFile; fileRef = 9EF131A019E24AEC00843F02 /* UIViewController+WithKeyboardNotification.m */; };
		9EF131A419E24B1000843F02 /* UIViewController+DataUpdate.m in Sources */ = {isa = PBXBuildFile; fileRef = 9EF131A319E24B1000843F02 /* UIViewController+DataUpdate.m */; };
		9EF131A719E24B9300843F02 /* PMDateUpdte.m in Sources */ = {isa = PBXBuildFile; fileRef = 9EF131A619E24B9300843F02 /* PMDateUpdte.m */; };
		9EF131A919E2507400843F02 /* AddressBookUI.framework in Frameworks */ = {isa = PBXBuildFile; fileRef = 9EF131A819E2507400843F02 /* AddressBookUI.framework */; };
		9EF131AB19E2656900843F02 /* AddressBook.framework in Frameworks */ = {isa = PBXBuildFile; fileRef = 9EF131AA19E2656900843F02 /* AddressBook.framework */; };
		9EF131AE19E27C0000843F02 /* PMServerWrapper.m in Sources */ = {isa = PBXBuildFile; fileRef = 9EF131AD19E27C0000843F02 /* PMServerWrapper.m */; };
		9EF131B119E27D0A00843F02 /* HCErrorMessage.m in Sources */ = {isa = PBXBuildFile; fileRef = 9EF131B019E27D0A00843F02 /* HCErrorMessage.m */; };
		C0601CA3FA524D3EB97B1A2F /* libPods.a in Frameworks */ = {isa = PBXBuildFile; fileRef = 39148A87FCEC484AB9A68338 /* libPods.a */; };
/* End PBXBuildFile section */

/* Begin PBXContainerItemProxy section */
		9EF130FC19E029AA00843F02 /* PBXContainerItemProxy */ = {
			isa = PBXContainerItemProxy;
			containerPortal = 9EF130DA19E029A900843F02 /* Project object */;
			proxyType = 1;
			remoteGlobalIDString = 9EF130E119E029A900843F02;
			remoteInfo = PianoMemory;
		};
/* End PBXContainerItemProxy section */

/* Begin PBXFileReference section */
		39148A87FCEC484AB9A68338 /* libPods.a */ = {isa = PBXFileReference; explicitFileType = archive.ar; includeInIndex = 0; path = libPods.a; sourceTree = BUILT_PRODUCTS_DIR; };
		4F31BCE0235B414E8512474C /* Pods.xcconfig */ = {isa = PBXFileReference; includeInIndex = 1; lastKnownFileType = text.xcconfig; name = Pods.xcconfig; path = Pods/Pods.xcconfig; sourceTree = "<group>"; };
		9E08E83A19E2981800DFD7CA /* UISearchBar+Extend.h */ = {isa = PBXFileReference; fileEncoding = 4; lastKnownFileType = sourcecode.c.h; path = "UISearchBar+Extend.h"; sourceTree = "<group>"; };
		9E08E83B19E2981800DFD7CA /* UISearchBar+Extend.m */ = {isa = PBXFileReference; fileEncoding = 4; lastKnownFileType = sourcecode.c.objc; path = "UISearchBar+Extend.m"; sourceTree = "<group>"; };
		9E08E83D19E29E1B00DFD7CA /* UIViewController+Extend.h */ = {isa = PBXFileReference; fileEncoding = 4; lastKnownFileType = sourcecode.c.h; path = "UIViewController+Extend.h"; sourceTree = "<group>"; };
		9E08E83E19E29E1B00DFD7CA /* UIViewController+Extend.m */ = {isa = PBXFileReference; fileEncoding = 4; lastKnownFileType = sourcecode.c.objc; path = "UIViewController+Extend.m"; sourceTree = "<group>"; };
		9EF130E219E029A900843F02 /* PianoMemory.app */ = {isa = PBXFileReference; explicitFileType = wrapper.application; includeInIndex = 0; path = PianoMemory.app; sourceTree = BUILT_PRODUCTS_DIR; };
		9EF130E619E029A900843F02 /* Info.plist */ = {isa = PBXFileReference; lastKnownFileType = text.plist.xml; path = Info.plist; sourceTree = "<group>"; };
		9EF130E719E029A900843F02 /* main.m */ = {isa = PBXFileReference; lastKnownFileType = sourcecode.c.objc; path = main.m; sourceTree = "<group>"; };
		9EF130E919E029A900843F02 /* AppDelegate.h */ = {isa = PBXFileReference; lastKnownFileType = sourcecode.c.h; path = AppDelegate.h; sourceTree = "<group>"; };
		9EF130EA19E029A900843F02 /* AppDelegate.m */ = {isa = PBXFileReference; lastKnownFileType = sourcecode.c.objc; path = AppDelegate.m; sourceTree = "<group>"; };
		9EF130EC19E029A900843F02 /* ViewController.h */ = {isa = PBXFileReference; lastKnownFileType = sourcecode.c.h; path = ViewController.h; sourceTree = "<group>"; };
		9EF130ED19E029AA00843F02 /* ViewController.m */ = {isa = PBXFileReference; lastKnownFileType = sourcecode.c.objc; path = ViewController.m; sourceTree = "<group>"; };
		9EF130F019E029AA00843F02 /* Base */ = {isa = PBXFileReference; lastKnownFileType = file.storyboard; name = Base; path = Base.lproj/Main.storyboard; sourceTree = "<group>"; };
		9EF130F219E029AA00843F02 /* Images.xcassets */ = {isa = PBXFileReference; lastKnownFileType = folder.assetcatalog; path = Images.xcassets; sourceTree = "<group>"; };
		9EF130F519E029AA00843F02 /* Base */ = {isa = PBXFileReference; lastKnownFileType = file.xib; name = Base; path = Base.lproj/LaunchScreen.xib; sourceTree = "<group>"; };
		9EF130FB19E029AA00843F02 /* PianoMemoryTests.xctest */ = {isa = PBXFileReference; explicitFileType = wrapper.cfbundle; includeInIndex = 0; path = PianoMemoryTests.xctest; sourceTree = BUILT_PRODUCTS_DIR; };
		9EF1310019E029AA00843F02 /* Info.plist */ = {isa = PBXFileReference; lastKnownFileType = text.plist.xml; path = Info.plist; sourceTree = "<group>"; };
		9EF1310119E029AA00843F02 /* PianoMemoryTests.m */ = {isa = PBXFileReference; lastKnownFileType = sourcecode.c.objc; path = PianoMemoryTests.m; sourceTree = "<group>"; };
		9EF1311219E02FF200843F02 /* FMObject.h */ = {isa = PBXFileReference; fileEncoding = 4; lastKnownFileType = sourcecode.c.h; path = FMObject.h; sourceTree = "<group>"; };
		9EF1311319E02FF200843F02 /* FMObject.m */ = {isa = PBXFileReference; fileEncoding = 4; lastKnownFileType = sourcecode.c.objc; path = FMObject.m; sourceTree = "<group>"; };
		9EF1311619E02FF200843F02 /* FMSyncStorage.h */ = {isa = PBXFileReference; fileEncoding = 4; lastKnownFileType = sourcecode.c.h; path = FMSyncStorage.h; sourceTree = "<group>"; };
		9EF1311719E02FF200843F02 /* FMSyncStorage.m */ = {isa = PBXFileReference; fileEncoding = 4; lastKnownFileType = sourcecode.c.objc; path = FMSyncStorage.m; sourceTree = "<group>"; };
		9EF1311819E02FF200843F02 /* HCObject.h */ = {isa = PBXFileReference; fileEncoding = 4; lastKnownFileType = sourcecode.c.h; path = HCObject.h; sourceTree = "<group>"; };
		9EF1311919E02FF200843F02 /* HCObject.m */ = {isa = PBXFileReference; fileEncoding = 4; lastKnownFileType = sourcecode.c.objc; path = HCObject.m; sourceTree = "<group>"; };
		9EF1311B19E02FF200843F02 /* Checkbox.h */ = {isa = PBXFileReference; fileEncoding = 4; lastKnownFileType = sourcecode.c.h; path = Checkbox.h; sourceTree = "<group>"; };
		9EF1311C19E02FF200843F02 /* Checkbox.m */ = {isa = PBXFileReference; fileEncoding = 4; lastKnownFileType = sourcecode.c.objc; path = Checkbox.m; sourceTree = "<group>"; };
		9EF1312519E02FF200843F02 /* HCUtils.h */ = {isa = PBXFileReference; fileEncoding = 4; lastKnownFileType = sourcecode.c.h; path = HCUtils.h; sourceTree = "<group>"; };
		9EF1312619E02FF200843F02 /* HCUtils.m */ = {isa = PBXFileReference; fileEncoding = 4; lastKnownFileType = sourcecode.c.objc; path = HCUtils.m; sourceTree = "<group>"; };
		9EF1312719E02FF200843F02 /* MathExtend.h */ = {isa = PBXFileReference; fileEncoding = 4; lastKnownFileType = sourcecode.c.h; path = MathExtend.h; sourceTree = "<group>"; };
		9EF1312819E02FF200843F02 /* MathExtend.m */ = {isa = PBXFileReference; fileEncoding = 4; lastKnownFileType = sourcecode.c.objc; path = MathExtend.m; sourceTree = "<group>"; };
		9EF1312919E02FF200843F02 /* NSDate+Extend.h */ = {isa = PBXFileReference; fileEncoding = 4; lastKnownFileType = sourcecode.c.h; path = "NSDate+Extend.h"; sourceTree = "<group>"; };
		9EF1312A19E02FF200843F02 /* NSDate+Extend.m */ = {isa = PBXFileReference; fileEncoding = 4; lastKnownFileType = sourcecode.c.objc; path = "NSDate+Extend.m"; sourceTree = "<group>"; };
		9EF1312B19E02FF200843F02 /* NSDictionary+Extend.h */ = {isa = PBXFileReference; fileEncoding = 4; lastKnownFileType = sourcecode.c.h; path = "NSDictionary+Extend.h"; sourceTree = "<group>"; };
		9EF1312C19E02FF200843F02 /* NSDictionary+Extend.m */ = {isa = PBXFileReference; fileEncoding = 4; lastKnownFileType = sourcecode.c.objc; path = "NSDictionary+Extend.m"; sourceTree = "<group>"; };
		9EF1312D19E02FF200843F02 /* NSString+Extend.h */ = {isa = PBXFileReference; fileEncoding = 4; lastKnownFileType = sourcecode.c.h; path = "NSString+Extend.h"; sourceTree = "<group>"; };
		9EF1312E19E02FF200843F02 /* NSString+Extend.m */ = {isa = PBXFileReference; fileEncoding = 4; lastKnownFileType = sourcecode.c.objc; path = "NSString+Extend.m"; sourceTree = "<group>"; };
		9EF1312F19E02FF200843F02 /* UIColor+Extend.h */ = {isa = PBXFileReference; fileEncoding = 4; lastKnownFileType = sourcecode.c.h; path = "UIColor+Extend.h"; sourceTree = "<group>"; };
		9EF1313019E02FF200843F02 /* UIColor+Extend.m */ = {isa = PBXFileReference; fileEncoding = 4; lastKnownFileType = sourcecode.c.objc; path = "UIColor+Extend.m"; sourceTree = "<group>"; };
		9EF1313119E02FF200843F02 /* UIDevice+Extend.h */ = {isa = PBXFileReference; fileEncoding = 4; lastKnownFileType = sourcecode.c.h; path = "UIDevice+Extend.h"; sourceTree = "<group>"; };
		9EF1313219E02FF200843F02 /* UIDevice+Extend.m */ = {isa = PBXFileReference; fileEncoding = 4; lastKnownFileType = sourcecode.c.objc; path = "UIDevice+Extend.m"; sourceTree = "<group>"; };
		9EF1313319E02FF200843F02 /* UIImage+Additional.h */ = {isa = PBXFileReference; fileEncoding = 4; lastKnownFileType = sourcecode.c.h; path = "UIImage+Additional.h"; sourceTree = "<group>"; };
		9EF1313419E02FF200843F02 /* UIImage+Additional.m */ = {isa = PBXFileReference; fileEncoding = 4; lastKnownFileType = sourcecode.c.objc; path = "UIImage+Additional.m"; sourceTree = "<group>"; };
		9EF1313519E02FF200843F02 /* UIImage+Extend.h */ = {isa = PBXFileReference; fileEncoding = 4; lastKnownFileType = sourcecode.c.h; path = "UIImage+Extend.h"; sourceTree = "<group>"; };
		9EF1313619E02FF200843F02 /* UIImage+Extend.m */ = {isa = PBXFileReference; fileEncoding = 4; lastKnownFileType = sourcecode.c.objc; path = "UIImage+Extend.m"; sourceTree = "<group>"; };
		9EF1313719E02FF200843F02 /* UINavigationBar+Extend.h */ = {isa = PBXFileReference; fileEncoding = 4; lastKnownFileType = sourcecode.c.h; path = "UINavigationBar+Extend.h"; sourceTree = "<group>"; };
		9EF1313819E02FF200843F02 /* UINavigationBar+Extend.m */ = {isa = PBXFileReference; fileEncoding = 4; lastKnownFileType = sourcecode.c.objc; path = "UINavigationBar+Extend.m"; sourceTree = "<group>"; };
		9EF1313919E02FF200843F02 /* UINavigationItem+iOS7.h */ = {isa = PBXFileReference; fileEncoding = 4; lastKnownFileType = sourcecode.c.h; path = "UINavigationItem+iOS7.h"; sourceTree = "<group>"; };
		9EF1313A19E02FF200843F02 /* UINavigationItem+iOS7.m */ = {isa = PBXFileReference; fileEncoding = 4; lastKnownFileType = sourcecode.c.objc; path = "UINavigationItem+iOS7.m"; sourceTree = "<group>"; };
		9EF1313B19E02FF200843F02 /* UITableViewCell+CellHeader.h */ = {isa = PBXFileReference; fileEncoding = 4; lastKnownFileType = sourcecode.c.h; path = "UITableViewCell+CellHeader.h"; sourceTree = "<group>"; };
		9EF1313C19E02FF200843F02 /* UITableViewCell+CellHeader.m */ = {isa = PBXFileReference; fileEncoding = 4; lastKnownFileType = sourcecode.c.objc; path = "UITableViewCell+CellHeader.m"; sourceTree = "<group>"; };
		9EF1313D19E02FF200843F02 /* UITableViewCell+SelectedView.h */ = {isa = PBXFileReference; fileEncoding = 4; lastKnownFileType = sourcecode.c.h; path = "UITableViewCell+SelectedView.h"; sourceTree = "<group>"; };
		9EF1313E19E02FF200843F02 /* UITableViewCell+SelectedView.m */ = {isa = PBXFileReference; fileEncoding = 4; lastKnownFileType = sourcecode.c.objc; path = "UITableViewCell+SelectedView.m"; sourceTree = "<group>"; };
		9EF1313F19E02FF200843F02 /* UIView+ScreenShot.h */ = {isa = PBXFileReference; fileEncoding = 4; lastKnownFileType = sourcecode.c.h; path = "UIView+ScreenShot.h"; sourceTree = "<group>"; };
		9EF1314019E02FF200843F02 /* UIView+ScreenShot.m */ = {isa = PBXFileReference; fileEncoding = 4; lastKnownFileType = sourcecode.c.objc; path = "UIView+ScreenShot.m"; sourceTree = "<group>"; };
		9EF1314719E02FF200843F02 /* ZBStyleUtils.h */ = {isa = PBXFileReference; fileEncoding = 4; lastKnownFileType = sourcecode.c.h; path = ZBStyleUtils.h; sourceTree = "<group>"; };
		9EF1314819E02FF200843F02 /* ZBStyleUtils.m */ = {isa = PBXFileReference; fileEncoding = 4; lastKnownFileType = sourcecode.c.objc; path = ZBStyleUtils.m; sourceTree = "<group>"; };
		9EF1316519E0308900843F02 /* PMLocalStorage.h */ = {isa = PBXFileReference; fileEncoding = 4; lastKnownFileType = sourcecode.c.h; path = PMLocalStorage.h; sourceTree = "<group>"; };
		9EF1316619E0308900843F02 /* PMLocalStorage.m */ = {isa = PBXFileReference; fileEncoding = 4; lastKnownFileType = sourcecode.c.objc; path = PMLocalStorage.m; sourceTree = "<group>"; };
		9EF1316819E0318000843F02 /* PMStudent.h */ = {isa = PBXFileReference; fileEncoding = 4; lastKnownFileType = sourcecode.c.h; path = PMStudent.h; sourceTree = "<group>"; };
		9EF1316919E0318000843F02 /* PMStudent.m */ = {isa = PBXFileReference; fileEncoding = 4; lastKnownFileType = sourcecode.c.objc; path = PMStudent.m; sourceTree = "<group>"; };
		9EF1316B19E0323000843F02 /* PMCourse.h */ = {isa = PBXFileReference; fileEncoding = 4; lastKnownFileType = sourcecode.c.h; path = PMCourse.h; sourceTree = "<group>"; };
		9EF1316C19E0323000843F02 /* PMCourse.m */ = {isa = PBXFileReference; fileEncoding = 4; lastKnownFileType = sourcecode.c.objc; path = PMCourse.m; sourceTree = "<group>"; };
		9EF1316E19E0357C00843F02 /* PMCourseSchedule.h */ = {isa = PBXFileReference; fileEncoding = 4; lastKnownFileType = sourcecode.c.h; path = PMCourseSchedule.h; sourceTree = "<group>"; };
		9EF1316F19E0357C00843F02 /* PMCourseSchedule.m */ = {isa = PBXFileReference; fileEncoding = 4; lastKnownFileType = sourcecode.c.objc; path = PMCourseSchedule.m; sourceTree = "<group>"; };
		9EF1317119E0471700843F02 /* CoreGraphics.framework */ = {isa = PBXFileReference; lastKnownFileType = wrapper.framework; name = CoreGraphics.framework; path = System/Library/Frameworks/CoreGraphics.framework; sourceTree = SDKROOT; };
		9EF1317319E0476F00843F02 /* Foundation.framework */ = {isa = PBXFileReference; lastKnownFileType = wrapper.framework; name = Foundation.framework; path = System/Library/Frameworks/Foundation.framework; sourceTree = SDKROOT; };
		9EF1317519E0477D00843F02 /* UIKit.framework */ = {isa = PBXFileReference; lastKnownFileType = wrapper.framework; name = UIKit.framework; path = System/Library/Frameworks/UIKit.framework; sourceTree = SDKROOT; };
		9EF1317919E0C9BA00843F02 /* PMStudentBrowseViewController.h */ = {isa = PBXFileReference; fileEncoding = 4; lastKnownFileType = sourcecode.c.h; path = PMStudentBrowseViewController.h; sourceTree = "<group>"; };
		9EF1317A19E0C9BA00843F02 /* PMStudentBrowseViewController.m */ = {isa = PBXFileReference; fileEncoding = 4; lastKnownFileType = sourcecode.c.objc; path = PMStudentBrowseViewController.m; sourceTree = "<group>"; };
		9EF1317D19E0CD6C00843F02 /* PMStudentBrowseTableViewCell.h */ = {isa = PBXFileReference; fileEncoding = 4; lastKnownFileType = sourcecode.c.h; path = PMStudentBrowseTableViewCell.h; sourceTree = "<group>"; };
		9EF1317E19E0CD6C00843F02 /* PMStudentBrowseTableViewCell.m */ = {isa = PBXFileReference; fileEncoding = 4; lastKnownFileType = sourcecode.c.objc; path = PMStudentBrowseTableViewCell.m; sourceTree = "<group>"; };
		9EF1318119E103D300843F02 /* LunarCalendar.h */ = {isa = PBXFileReference; fileEncoding = 4; lastKnownFileType = sourcecode.c.h; path = LunarCalendar.h; sourceTree = "<group>"; };
		9EF1318219E103D300843F02 /* LunarCalendar.m */ = {isa = PBXFileReference; fileEncoding = 4; lastKnownFileType = sourcecode.c.objc; path = LunarCalendar.m; sourceTree = "<group>"; };
		9EF1318519E1103B00843F02 /* FMWeekCalendarView.h */ = {isa = PBXFileReference; fileEncoding = 4; lastKnownFileType = sourcecode.c.h; path = FMWeekCalendarView.h; sourceTree = "<group>"; };
		9EF1318619E1103B00843F02 /* FMWeekCalendarView.m */ = {isa = PBXFileReference; fileEncoding = 4; lastKnownFileType = sourcecode.c.objc; path = FMWeekCalendarView.m; sourceTree = "<group>"; };
		9EF1318819E1744A00843F02 /* PMCourseScheduleTableViewCell.h */ = {isa = PBXFileReference; fileEncoding = 4; lastKnownFileType = sourcecode.c.h; path = PMCourseScheduleTableViewCell.h; sourceTree = "<group>"; };
		9EF1318919E1744A00843F02 /* PMCourseScheduleTableViewCell.m */ = {isa = PBXFileReference; fileEncoding = 4; lastKnownFileType = sourcecode.c.objc; path = PMCourseScheduleTableViewCell.m; sourceTree = "<group>"; };
		9EF1318B19E1770700843F02 /* PMTodayCourseScheduleViewController.h */ = {isa = PBXFileReference; fileEncoding = 4; lastKnownFileType = sourcecode.c.h; path = PMTodayCourseScheduleViewController.h; sourceTree = "<group>"; };
		9EF1318C19E1770700843F02 /* PMTodayCourseScheduleViewController.m */ = {isa = PBXFileReference; fileEncoding = 4; lastKnownFileType = sourcecode.c.objc; path = PMTodayCourseScheduleViewController.m; sourceTree = "<group>"; };
		9EF1319019E184E300843F02 /* PMManualAddStudentUIViewController.h */ = {isa = PBXFileReference; fileEncoding = 4; lastKnownFileType = sourcecode.c.h; path = PMManualAddStudentUIViewController.h; sourceTree = "<group>"; };
		9EF1319119E184E300843F02 /* PMManualAddStudentUIViewController.m */ = {isa = PBXFileReference; fileEncoding = 4; lastKnownFileType = sourcecode.c.objc; path = PMManualAddStudentUIViewController.m; sourceTree = "<group>"; };
		9EF1319319E2299E00843F02 /* PMStudent+Wrapper.h */ = {isa = PBXFileReference; fileEncoding = 4; lastKnownFileType = sourcecode.c.h; path = "PMStudent+Wrapper.h"; sourceTree = "<group>"; };
		9EF1319419E2299E00843F02 /* PMStudent+Wrapper.m */ = {isa = PBXFileReference; fileEncoding = 4; lastKnownFileType = sourcecode.c.objc; path = "PMStudent+Wrapper.m"; sourceTree = "<group>"; };
		9EF1319719E2322300843F02 /* PMLocalServer.h */ = {isa = PBXFileReference; fileEncoding = 4; lastKnownFileType = sourcecode.c.h; path = PMLocalServer.h; sourceTree = "<group>"; };
		9EF1319819E2322300843F02 /* PMLocalServer.m */ = {isa = PBXFileReference; fileEncoding = 4; lastKnownFileType = sourcecode.c.objc; path = PMLocalServer.m; sourceTree = "<group>"; };
		9EF1319F19E24AEC00843F02 /* UIViewController+WithKeyboardNotification.h */ = {isa = PBXFileReference; fileEncoding = 4; lastKnownFileType = sourcecode.c.h; path = "UIViewController+WithKeyboardNotification.h"; sourceTree = "<group>"; };
		9EF131A019E24AEC00843F02 /* UIViewController+WithKeyboardNotification.m */ = {isa = PBXFileReference; fileEncoding = 4; lastKnownFileType = sourcecode.c.objc; path = "UIViewController+WithKeyboardNotification.m"; sourceTree = "<group>"; };
		9EF131A219E24B1000843F02 /* UIViewController+DataUpdate.h */ = {isa = PBXFileReference; fileEncoding = 4; lastKnownFileType = sourcecode.c.h; path = "UIViewController+DataUpdate.h"; sourceTree = "<group>"; };
		9EF131A319E24B1000843F02 /* UIViewController+DataUpdate.m */ = {isa = PBXFileReference; fileEncoding = 4; lastKnownFileType = sourcecode.c.objc; path = "UIViewController+DataUpdate.m"; sourceTree = "<group>"; };
		9EF131A519E24B9300843F02 /* PMDateUpdte.h */ = {isa = PBXFileReference; fileEncoding = 4; lastKnownFileType = sourcecode.c.h; path = PMDateUpdte.h; sourceTree = "<group>"; };
		9EF131A619E24B9300843F02 /* PMDateUpdte.m */ = {isa = PBXFileReference; fileEncoding = 4; lastKnownFileType = sourcecode.c.objc; path = PMDateUpdte.m; sourceTree = "<group>"; };
		9EF131A819E2507400843F02 /* AddressBookUI.framework */ = {isa = PBXFileReference; lastKnownFileType = wrapper.framework; name = AddressBookUI.framework; path = System/Library/Frameworks/AddressBookUI.framework; sourceTree = SDKROOT; };
		9EF131AA19E2656900843F02 /* AddressBook.framework */ = {isa = PBXFileReference; lastKnownFileType = wrapper.framework; name = AddressBook.framework; path = System/Library/Frameworks/AddressBook.framework; sourceTree = SDKROOT; };
		9EF131AC19E27C0000843F02 /* PMServerWrapper.h */ = {isa = PBXFileReference; fileEncoding = 4; lastKnownFileType = sourcecode.c.h; path = PMServerWrapper.h; sourceTree = "<group>"; };
		9EF131AD19E27C0000843F02 /* PMServerWrapper.m */ = {isa = PBXFileReference; fileEncoding = 4; lastKnownFileType = sourcecode.c.objc; path = PMServerWrapper.m; sourceTree = "<group>"; };
		9EF131AF19E27D0A00843F02 /* HCErrorMessage.h */ = {isa = PBXFileReference; fileEncoding = 4; lastKnownFileType = sourcecode.c.h; path = HCErrorMessage.h; sourceTree = "<group>"; };
		9EF131B019E27D0A00843F02 /* HCErrorMessage.m */ = {isa = PBXFileReference; fileEncoding = 4; lastKnownFileType = sourcecode.c.objc; path = HCErrorMessage.m; sourceTree = "<group>"; };
/* End PBXFileReference section */

/* Begin PBXFrameworksBuildPhase section */
		9EF130DF19E029A900843F02 /* Frameworks */ = {
			isa = PBXFrameworksBuildPhase;
			buildActionMask = 2147483647;
			files = (
				9EF131AB19E2656900843F02 /* AddressBook.framework in Frameworks */,
				9EF131A919E2507400843F02 /* AddressBookUI.framework in Frameworks */,
				9EF1317619E0477D00843F02 /* UIKit.framework in Frameworks */,
				9EF1317419E0476F00843F02 /* Foundation.framework in Frameworks */,
				9EF1317219E0471700843F02 /* CoreGraphics.framework in Frameworks */,
				C0601CA3FA524D3EB97B1A2F /* libPods.a in Frameworks */,
			);
			runOnlyForDeploymentPostprocessing = 0;
		};
		9EF130F819E029AA00843F02 /* Frameworks */ = {
			isa = PBXFrameworksBuildPhase;
			buildActionMask = 2147483647;
			files = (
			);
			runOnlyForDeploymentPostprocessing = 0;
		};
/* End PBXFrameworksBuildPhase section */

/* Begin PBXGroup section */
		9EF130D919E029A900843F02 = {
			isa = PBXGroup;
			children = (
				9EF130E419E029A900843F02 /* PianoMemory */,
				9EF130FE19E029AA00843F02 /* PianoMemoryTests */,
				9EF130E319E029A900843F02 /* Products */,
				4F31BCE0235B414E8512474C /* Pods.xcconfig */,
				D11BAA47944B499889871634 /* Frameworks */,
			);
			sourceTree = "<group>";
		};
		9EF130E319E029A900843F02 /* Products */ = {
			isa = PBXGroup;
			children = (
				9EF130E219E029A900843F02 /* PianoMemory.app */,
				9EF130FB19E029AA00843F02 /* PianoMemoryTests.xctest */,
			);
			name = Products;
			sourceTree = "<group>";
		};
		9EF130E419E029A900843F02 /* PianoMemory */ = {
			isa = PBXGroup;
			children = (
				9EF1318019E103D300843F02 /* thirdparty */,
				9EF1317819E0C9BA00843F02 /* view */,
				9EF1310E19E02FF200843F02 /* images */,
				9EF1310F19E02FF200843F02 /* model */,
				9EF1311A19E02FF200843F02 /* Utils */,
				9EF130E919E029A900843F02 /* AppDelegate.h */,
				9EF130EA19E029A900843F02 /* AppDelegate.m */,
				9EF130EC19E029A900843F02 /* ViewController.h */,
				9EF130ED19E029AA00843F02 /* ViewController.m */,
				9EF130EF19E029AA00843F02 /* Main.storyboard */,
				9EF130F219E029AA00843F02 /* Images.xcassets */,
				9EF130F419E029AA00843F02 /* LaunchScreen.xib */,
				9EF1317719E0479900843F02 /* Framework */,
				9EF130E519E029A900843F02 /* Supporting Files */,
			);
			path = PianoMemory;
			sourceTree = "<group>";
		};
		9EF130E519E029A900843F02 /* Supporting Files */ = {
			isa = PBXGroup;
			children = (
				9EF130E619E029A900843F02 /* Info.plist */,
				9EF130E719E029A900843F02 /* main.m */,
			);
			name = "Supporting Files";
			sourceTree = "<group>";
		};
		9EF130FE19E029AA00843F02 /* PianoMemoryTests */ = {
			isa = PBXGroup;
			children = (
				9EF1310119E029AA00843F02 /* PianoMemoryTests.m */,
				9EF130FF19E029AA00843F02 /* Supporting Files */,
			);
			path = PianoMemoryTests;
			sourceTree = "<group>";
		};
		9EF130FF19E029AA00843F02 /* Supporting Files */ = {
			isa = PBXGroup;
			children = (
				9EF1310019E029AA00843F02 /* Info.plist */,
			);
			name = "Supporting Files";
			sourceTree = "<group>";
		};
		9EF1310E19E02FF200843F02 /* images */ = {
			isa = PBXGroup;
			children = (
			);
			path = images;
			sourceTree = "<group>";
		};
		9EF1310F19E02FF200843F02 /* model */ = {
			isa = PBXGroup;
			children = (
				9EF1319A19E2323B00843F02 /* localserver */,
				9EF1317C19E0CC1300843F02 /* base */,
				9EF1318E19E17E6100843F02 /* entity */,
				9EF1319619E229AA00843F02 /* wrapper */,
			);
			path = model;
			sourceTree = "<group>";
		};
		9EF1311A19E02FF200843F02 /* Utils */ = {
			isa = PBXGroup;
			children = (
				9E08E83D19E29E1B00DFD7CA /* UIViewController+Extend.h */,
				9E08E83E19E29E1B00DFD7CA /* UIViewController+Extend.m */,
				9EF1319F19E24AEC00843F02 /* UIViewController+WithKeyboardNotification.h */,
				9EF131A019E24AEC00843F02 /* UIViewController+WithKeyboardNotification.m */,
				9EF1311B19E02FF200843F02 /* Checkbox.h */,
				9EF1311C19E02FF200843F02 /* Checkbox.m */,
				9EF1312519E02FF200843F02 /* HCUtils.h */,
				9EF1312619E02FF200843F02 /* HCUtils.m */,
				9EF1312719E02FF200843F02 /* MathExtend.h */,
				9EF1312819E02FF200843F02 /* MathExtend.m */,
				9EF1312919E02FF200843F02 /* NSDate+Extend.h */,
				9EF1312A19E02FF200843F02 /* NSDate+Extend.m */,
				9EF1312B19E02FF200843F02 /* NSDictionary+Extend.h */,
				9EF1312C19E02FF200843F02 /* NSDictionary+Extend.m */,
				9EF1312D19E02FF200843F02 /* NSString+Extend.h */,
				9EF1312E19E02FF200843F02 /* NSString+Extend.m */,
				9EF1312F19E02FF200843F02 /* UIColor+Extend.h */,
				9EF1313019E02FF200843F02 /* UIColor+Extend.m */,
				9EF1313119E02FF200843F02 /* UIDevice+Extend.h */,
				9EF1313219E02FF200843F02 /* UIDevice+Extend.m */,
				9EF1313319E02FF200843F02 /* UIImage+Additional.h */,
				9EF1313419E02FF200843F02 /* UIImage+Additional.m */,
				9EF1313519E02FF200843F02 /* UIImage+Extend.h */,
				9EF1313619E02FF200843F02 /* UIImage+Extend.m */,
				9EF1313719E02FF200843F02 /* UINavigationBar+Extend.h */,
				9EF1313819E02FF200843F02 /* UINavigationBar+Extend.m */,
				9EF1313919E02FF200843F02 /* UINavigationItem+iOS7.h */,
				9EF1313A19E02FF200843F02 /* UINavigationItem+iOS7.m */,
				9EF1313B19E02FF200843F02 /* UITableViewCell+CellHeader.h */,
				9EF1313C19E02FF200843F02 /* UITableViewCell+CellHeader.m */,
				9EF1313D19E02FF200843F02 /* UITableViewCell+SelectedView.h */,
				9EF1313E19E02FF200843F02 /* UITableViewCell+SelectedView.m */,
				9EF1313F19E02FF200843F02 /* UIView+ScreenShot.h */,
				9EF1314019E02FF200843F02 /* UIView+ScreenShot.m */,
				9EF1314719E02FF200843F02 /* ZBStyleUtils.h */,
				9EF1314819E02FF200843F02 /* ZBStyleUtils.m */,
				9E08E83A19E2981800DFD7CA /* UISearchBar+Extend.h */,
				9E08E83B19E2981800DFD7CA /* UISearchBar+Extend.m */,
			);
			path = Utils;
			sourceTree = "<group>";
		};
		9EF1317719E0479900843F02 /* Framework */ = {
			isa = PBXGroup;
			children = (
				9EF1317519E0477D00843F02 /* UIKit.framework */,
				9EF1317319E0476F00843F02 /* Foundation.framework */,
				9EF1317119E0471700843F02 /* CoreGraphics.framework */,
			);
			name = Framework;
			path = ..;
			sourceTree = "<group>";
		};
		9EF1317819E0C9BA00843F02 /* view */ = {
			isa = PBXGroup;
			children = (
				9EF1319E19E24AB200843F02 /* dataupdate */,
				9EF1318419E10FD400843F02 /* calendayview */,
				9EF1318F19E180E400843F02 /* student */,
				9EF1318819E1744A00843F02 /* PMCourseScheduleTableViewCell.h */,
				9EF1318919E1744A00843F02 /* PMCourseScheduleTableViewCell.m */,
				9EF1318B19E1770700843F02 /* PMTodayCourseScheduleViewController.h */,
				9EF1318C19E1770700843F02 /* PMTodayCourseScheduleViewController.m */,
			);
			path = view;
			sourceTree = "<group>";
		};
		9EF1317C19E0CC1300843F02 /* base */ = {
			isa = PBXGroup;
			children = (
				9EF131AF19E27D0A00843F02 /* HCErrorMessage.h */,
				9EF131B019E27D0A00843F02 /* HCErrorMessage.m */,
				9EF1311219E02FF200843F02 /* FMObject.h */,
				9EF1311319E02FF200843F02 /* FMObject.m */,
				9EF1311619E02FF200843F02 /* FMSyncStorage.h */,
				9EF1311719E02FF200843F02 /* FMSyncStorage.m */,
				9EF1311819E02FF200843F02 /* HCObject.h */,
				9EF1311919E02FF200843F02 /* HCObject.m */,
			);
			name = base;
			sourceTree = "<group>";
		};
		9EF1318019E103D300843F02 /* thirdparty */ = {
			isa = PBXGroup;
			children = (
				9EF1318119E103D300843F02 /* LunarCalendar.h */,
				9EF1318219E103D300843F02 /* LunarCalendar.m */,
			);
			path = thirdparty;
			sourceTree = "<group>";
		};
		9EF1318419E10FD400843F02 /* calendayview */ = {
			isa = PBXGroup;
			children = (
				9EF1318519E1103B00843F02 /* FMWeekCalendarView.h */,
				9EF1318619E1103B00843F02 /* FMWeekCalendarView.m */,
			);
			name = calendayview;
			sourceTree = "<group>";
		};
		9EF1318E19E17E6100843F02 /* entity */ = {
			isa = PBXGroup;
			children = (
				9EF1316819E0318000843F02 /* PMStudent.h */,
				9EF1316919E0318000843F02 /* PMStudent.m */,
				9EF1316B19E0323000843F02 /* PMCourse.h */,
				9EF1316C19E0323000843F02 /* PMCourse.m */,
				9EF1316E19E0357C00843F02 /* PMCourseSchedule.h */,
				9EF1316F19E0357C00843F02 /* PMCourseSchedule.m */,
			);
			name = entity;
			sourceTree = "<group>";
		};
		9EF1318F19E180E400843F02 /* student */ = {
			isa = PBXGroup;
			children = (
				9EF1317919E0C9BA00843F02 /* PMStudentBrowseViewController.h */,
				9EF1317A19E0C9BA00843F02 /* PMStudentBrowseViewController.m */,
				9EF1317D19E0CD6C00843F02 /* PMStudentBrowseTableViewCell.h */,
				9EF1317E19E0CD6C00843F02 /* PMStudentBrowseTableViewCell.m */,
				9EF1319019E184E300843F02 /* PMManualAddStudentUIViewController.h */,
				9EF1319119E184E300843F02 /* PMManualAddStudentUIViewController.m */,
			);
			name = student;
			sourceTree = "<group>";
		};
		9EF1319619E229AA00843F02 /* wrapper */ = {
			isa = PBXGroup;
			children = (
				9EF1319319E2299E00843F02 /* PMStudent+Wrapper.h */,
				9EF1319419E2299E00843F02 /* PMStudent+Wrapper.m */,
			);
			name = wrapper;
			sourceTree = "<group>";
		};
		9EF1319A19E2323B00843F02 /* localserver */ = {
			isa = PBXGroup;
			children = (
				9EF1316519E0308900843F02 /* PMLocalStorage.h */,
				9EF1316619E0308900843F02 /* PMLocalStorage.m */,
				9EF1319719E2322300843F02 /* PMLocalServer.h */,
				9EF1319819E2322300843F02 /* PMLocalServer.m */,
				9EF131AC19E27C0000843F02 /* PMServerWrapper.h */,
				9EF131AD19E27C0000843F02 /* PMServerWrapper.m */,
			);
			name = localserver;
			sourceTree = "<group>";
		};
		9EF1319E19E24AB200843F02 /* dataupdate */ = {
			isa = PBXGroup;
			children = (
				9EF131A519E24B9300843F02 /* PMDateUpdte.h */,
				9EF131A619E24B9300843F02 /* PMDateUpdte.m */,
				9EF131A219E24B1000843F02 /* UIViewController+DataUpdate.h */,
				9EF131A319E24B1000843F02 /* UIViewController+DataUpdate.m */,
			);
			name = dataupdate;
			sourceTree = "<group>";
		};
		D11BAA47944B499889871634 /* Frameworks */ = {
			isa = PBXGroup;
			children = (
				9EF131AA19E2656900843F02 /* AddressBook.framework */,
				9EF131A819E2507400843F02 /* AddressBookUI.framework */,
				39148A87FCEC484AB9A68338 /* libPods.a */,
			);
			name = Frameworks;
			sourceTree = "<group>";
		};
/* End PBXGroup section */

/* Begin PBXNativeTarget section */
		9EF130E119E029A900843F02 /* PianoMemory */ = {
			isa = PBXNativeTarget;
			buildConfigurationList = 9EF1310519E029AA00843F02 /* Build configuration list for PBXNativeTarget "PianoMemory" */;
			buildPhases = (
				F035D2CDB5474F7CA2BB74D6 /* Check Pods Manifest.lock */,
				9EF130DE19E029A900843F02 /* Sources */,
				9EF130DF19E029A900843F02 /* Frameworks */,
				9EF130E019E029A900843F02 /* Resources */,
				82DF136AE2F84A57934CD2C9 /* Copy Pods Resources */,
			);
			buildRules = (
			);
			dependencies = (
			);
			name = PianoMemory;
			productName = PianoMemory;
			productReference = 9EF130E219E029A900843F02 /* PianoMemory.app */;
			productType = "com.apple.product-type.application";
		};
		9EF130FA19E029AA00843F02 /* PianoMemoryTests */ = {
			isa = PBXNativeTarget;
			buildConfigurationList = 9EF1310819E029AA00843F02 /* Build configuration list for PBXNativeTarget "PianoMemoryTests" */;
			buildPhases = (
				9EF130F719E029AA00843F02 /* Sources */,
				9EF130F819E029AA00843F02 /* Frameworks */,
				9EF130F919E029AA00843F02 /* Resources */,
			);
			buildRules = (
			);
			dependencies = (
				9EF130FD19E029AA00843F02 /* PBXTargetDependency */,
			);
			name = PianoMemoryTests;
			productName = PianoMemoryTests;
			productReference = 9EF130FB19E029AA00843F02 /* PianoMemoryTests.xctest */;
			productType = "com.apple.product-type.bundle.unit-test";
		};
/* End PBXNativeTarget section */

/* Begin PBXProject section */
		9EF130DA19E029A900843F02 /* Project object */ = {
			isa = PBXProject;
			attributes = {
				LastUpgradeCheck = 0600;
				ORGANIZATIONNAME = yue;
				TargetAttributes = {
					9EF130E119E029A900843F02 = {
						CreatedOnToolsVersion = 6.0.1;
					};
					9EF130FA19E029AA00843F02 = {
						CreatedOnToolsVersion = 6.0.1;
						TestTargetID = 9EF130E119E029A900843F02;
					};
				};
			};
			buildConfigurationList = 9EF130DD19E029A900843F02 /* Build configuration list for PBXProject "PianoMemory" */;
			compatibilityVersion = "Xcode 3.2";
			developmentRegion = English;
			hasScannedForEncodings = 0;
			knownRegions = (
				en,
				Base,
			);
			mainGroup = 9EF130D919E029A900843F02;
			productRefGroup = 9EF130E319E029A900843F02 /* Products */;
			projectDirPath = "";
			projectRoot = "";
			targets = (
				9EF130E119E029A900843F02 /* PianoMemory */,
				9EF130FA19E029AA00843F02 /* PianoMemoryTests */,
			);
		};
/* End PBXProject section */

/* Begin PBXResourcesBuildPhase section */
		9EF130E019E029A900843F02 /* Resources */ = {
			isa = PBXResourcesBuildPhase;
			buildActionMask = 2147483647;
			files = (
				9EF130F119E029AA00843F02 /* Main.storyboard in Resources */,
				9EF130F619E029AA00843F02 /* LaunchScreen.xib in Resources */,
				9EF130F319E029AA00843F02 /* Images.xcassets in Resources */,
			);
			runOnlyForDeploymentPostprocessing = 0;
		};
		9EF130F919E029AA00843F02 /* Resources */ = {
			isa = PBXResourcesBuildPhase;
			buildActionMask = 2147483647;
			files = (
			);
			runOnlyForDeploymentPostprocessing = 0;
		};
/* End PBXResourcesBuildPhase section */

/* Begin PBXShellScriptBuildPhase section */
		82DF136AE2F84A57934CD2C9 /* Copy Pods Resources */ = {
			isa = PBXShellScriptBuildPhase;
			buildActionMask = 2147483647;
			files = (
			);
			inputPaths = (
			);
			name = "Copy Pods Resources";
			outputPaths = (
			);
			runOnlyForDeploymentPostprocessing = 0;
			shellPath = /bin/sh;
			shellScript = "\"${SRCROOT}/Pods/Pods-resources.sh\"\n";
			showEnvVarsInLog = 0;
		};
		F035D2CDB5474F7CA2BB74D6 /* Check Pods Manifest.lock */ = {
			isa = PBXShellScriptBuildPhase;
			buildActionMask = 2147483647;
			files = (
			);
			inputPaths = (
			);
			name = "Check Pods Manifest.lock";
			outputPaths = (
			);
			runOnlyForDeploymentPostprocessing = 0;
			shellPath = /bin/sh;
			shellScript = "diff \"${PODS_ROOT}/../Podfile.lock\" \"${PODS_ROOT}/Manifest.lock\" > /dev/null\nif [[ $? != 0 ]] ; then\n    cat << EOM\nerror: The sandbox is not in sync with the Podfile.lock. Run 'pod install' or update your CocoaPods installation.\nEOM\n    exit 1\nfi\n";
			showEnvVarsInLog = 0;
		};
/* End PBXShellScriptBuildPhase section */

/* Begin PBXSourcesBuildPhase section */
		9EF130DE19E029A900843F02 /* Sources */ = {
			isa = PBXSourcesBuildPhase;
			buildActionMask = 2147483647;
			files = (
				9EF131A119E24AEC00843F02 /* UIViewController+WithKeyboardNotification.m in Sources */,
				9EF1315619E02FF200843F02 /* NSDictionary+Extend.m in Sources */,
				9EF1315B19E02FF200843F02 /* UIImage+Extend.m in Sources */,
				9EF1315D19E02FF200843F02 /* UINavigationItem+iOS7.m in Sources */,
				9EF1315F19E02FF200843F02 /* UITableViewCell+SelectedView.m in Sources */,
				9EF1314D19E02FF200843F02 /* HCObject.m in Sources */,
				9E08E83F19E29E1B00DFD7CA /* UIViewController+Extend.m in Sources */,
				9EF1317B19E0C9BA00843F02 /* PMStudentBrowseViewController.m in Sources */,
				9EF1318319E103D300843F02 /* LunarCalendar.m in Sources */,
				9EF1319919E2322300843F02 /* PMLocalServer.m in Sources */,
				9EF131AE19E27C0000843F02 /* PMServerWrapper.m in Sources */,
				9EF1315319E02FF200843F02 /* HCUtils.m in Sources */,
				9E08E83C19E2981800DFD7CA /* UISearchBar+Extend.m in Sources */,
				9EF1316419E02FF200843F02 /* ZBStyleUtils.m in Sources */,
				9EF1315719E02FF200843F02 /* NSString+Extend.m in Sources */,
				9EF131A719E24B9300843F02 /* PMDateUpdte.m in Sources */,
				9EF1318D19E1770700843F02 /* PMTodayCourseScheduleViewController.m in Sources */,
				9EF1319519E2299E00843F02 /* PMStudent+Wrapper.m in Sources */,
				9EF130EE19E029AA00843F02 /* ViewController.m in Sources */,
				9EF130EB19E029A900843F02 /* AppDelegate.m in Sources */,
				9EF131B119E27D0A00843F02 /* HCErrorMessage.m in Sources */,
				9EF1315919E02FF200843F02 /* UIDevice+Extend.m in Sources */,
				9EF1318719E1103B00843F02 /* FMWeekCalendarView.m in Sources */,
				9EF1315C19E02FF200843F02 /* UINavigationBar+Extend.m in Sources */,
				9EF131A419E24B1000843F02 /* UIViewController+DataUpdate.m in Sources */,
				9EF1315A19E02FF200843F02 /* UIImage+Additional.m in Sources */,
				9EF1319219E184E300843F02 /* PMManualAddStudentUIViewController.m in Sources */,
				9EF1317F19E0CD6C00843F02 /* PMStudentBrowseTableViewCell.m in Sources */,
				9EF1315519E02FF200843F02 /* NSDate+Extend.m in Sources */,
				9EF1316A19E0318000843F02 /* PMStudent.m in Sources */,
				9EF130E819E029A900843F02 /* main.m in Sources */,
				9EF1316D19E0323000843F02 /* PMCourse.m in Sources */,
				9EF1316719E0308900843F02 /* PMLocalStorage.m in Sources */,
				9EF1316019E02FF200843F02 /* UIView+ScreenShot.m in Sources */,
				9EF1317019E0357C00843F02 /* PMCourseSchedule.m in Sources */,
				9EF1315E19E02FF200843F02 /* UITableViewCell+CellHeader.m in Sources */,
				9EF1315419E02FF200843F02 /* MathExtend.m in Sources */,
				9EF1315819E02FF200843F02 /* UIColor+Extend.m in Sources */,
				9EF1314A19E02FF200843F02 /* FMObject.m in Sources */,
				9EF1314E19E02FF200843F02 /* Checkbox.m in Sources */,
				9EF1318A19E1744A00843F02 /* PMCourseScheduleTableViewCell.m in Sources */,
				9EF1314C19E02FF200843F02 /* FMSyncStorage.m in Sources */,
			);
			runOnlyForDeploymentPostprocessing = 0;
		};
		9EF130F719E029AA00843F02 /* Sources */ = {
			isa = PBXSourcesBuildPhase;
			buildActionMask = 2147483647;
			files = (
				9EF1310219E029AA00843F02 /* PianoMemoryTests.m in Sources */,
			);
			runOnlyForDeploymentPostprocessing = 0;
		};
/* End PBXSourcesBuildPhase section */

/* Begin PBXTargetDependency section */
		9EF130FD19E029AA00843F02 /* PBXTargetDependency */ = {
			isa = PBXTargetDependency;
			target = 9EF130E119E029A900843F02 /* PianoMemory */;
			targetProxy = 9EF130FC19E029AA00843F02 /* PBXContainerItemProxy */;
		};
/* End PBXTargetDependency section */

/* Begin PBXVariantGroup section */
		9EF130EF19E029AA00843F02 /* Main.storyboard */ = {
			isa = PBXVariantGroup;
			children = (
				9EF130F019E029AA00843F02 /* Base */,
			);
			name = Main.storyboard;
			sourceTree = "<group>";
		};
		9EF130F419E029AA00843F02 /* LaunchScreen.xib */ = {
			isa = PBXVariantGroup;
			children = (
				9EF130F519E029AA00843F02 /* Base */,
			);
			name = LaunchScreen.xib;
			sourceTree = "<group>";
		};
/* End PBXVariantGroup section */

/* Begin XCBuildConfiguration section */
		9EF1310319E029AA00843F02 /* Debug */ = {
			isa = XCBuildConfiguration;
			buildSettings = {
				ALWAYS_SEARCH_USER_PATHS = NO;
				CLANG_CXX_LANGUAGE_STANDARD = "gnu++0x";
				CLANG_CXX_LIBRARY = "libc++";
				CLANG_ENABLE_MODULES = YES;
				CLANG_ENABLE_OBJC_ARC = YES;
				CLANG_WARN_BOOL_CONVERSION = YES;
				CLANG_WARN_CONSTANT_CONVERSION = YES;
				CLANG_WARN_DIRECT_OBJC_ISA_USAGE = YES_ERROR;
				CLANG_WARN_EMPTY_BODY = YES;
				CLANG_WARN_ENUM_CONVERSION = YES;
				CLANG_WARN_INT_CONVERSION = YES;
				CLANG_WARN_OBJC_ROOT_CLASS = YES_ERROR;
				CLANG_WARN_UNREACHABLE_CODE = YES;
				CLANG_WARN__DUPLICATE_METHOD_MATCH = YES;
				"CODE_SIGN_IDENTITY[sdk=iphoneos*]" = "iPhone Developer";
				COPY_PHASE_STRIP = NO;
				ENABLE_STRICT_OBJC_MSGSEND = YES;
				GCC_C_LANGUAGE_STANDARD = gnu99;
				GCC_DYNAMIC_NO_PIC = NO;
				GCC_OPTIMIZATION_LEVEL = 0;
				GCC_PREPROCESSOR_DEFINITIONS = (
					"DEBUG=1",
					"$(inherited)",
				);
				GCC_SYMBOLS_PRIVATE_EXTERN = NO;
				GCC_WARN_64_TO_32_BIT_CONVERSION = YES;
				GCC_WARN_ABOUT_RETURN_TYPE = YES_ERROR;
				GCC_WARN_UNDECLARED_SELECTOR = YES;
				GCC_WARN_UNINITIALIZED_AUTOS = YES_AGGRESSIVE;
				GCC_WARN_UNUSED_FUNCTION = YES;
				GCC_WARN_UNUSED_VARIABLE = YES;
				IPHONEOS_DEPLOYMENT_TARGET = 8.0;
				MTL_ENABLE_DEBUG_INFO = YES;
				ONLY_ACTIVE_ARCH = YES;
				SDKROOT = iphoneos;
			};
			name = Debug;
		};
		9EF1310419E029AA00843F02 /* Release */ = {
			isa = XCBuildConfiguration;
			buildSettings = {
				ALWAYS_SEARCH_USER_PATHS = NO;
				CLANG_CXX_LANGUAGE_STANDARD = "gnu++0x";
				CLANG_CXX_LIBRARY = "libc++";
				CLANG_ENABLE_MODULES = YES;
				CLANG_ENABLE_OBJC_ARC = YES;
				CLANG_WARN_BOOL_CONVERSION = YES;
				CLANG_WARN_CONSTANT_CONVERSION = YES;
				CLANG_WARN_DIRECT_OBJC_ISA_USAGE = YES_ERROR;
				CLANG_WARN_EMPTY_BODY = YES;
				CLANG_WARN_ENUM_CONVERSION = YES;
				CLANG_WARN_INT_CONVERSION = YES;
				CLANG_WARN_OBJC_ROOT_CLASS = YES_ERROR;
				CLANG_WARN_UNREACHABLE_CODE = YES;
				CLANG_WARN__DUPLICATE_METHOD_MATCH = YES;
				"CODE_SIGN_IDENTITY[sdk=iphoneos*]" = "iPhone Developer";
				COPY_PHASE_STRIP = YES;
				ENABLE_NS_ASSERTIONS = NO;
				ENABLE_STRICT_OBJC_MSGSEND = YES;
				GCC_C_LANGUAGE_STANDARD = gnu99;
				GCC_WARN_64_TO_32_BIT_CONVERSION = YES;
				GCC_WARN_ABOUT_RETURN_TYPE = YES_ERROR;
				GCC_WARN_UNDECLARED_SELECTOR = YES;
				GCC_WARN_UNINITIALIZED_AUTOS = YES_AGGRESSIVE;
				GCC_WARN_UNUSED_FUNCTION = YES;
				GCC_WARN_UNUSED_VARIABLE = YES;
				IPHONEOS_DEPLOYMENT_TARGET = 8.0;
				MTL_ENABLE_DEBUG_INFO = NO;
				SDKROOT = iphoneos;
				VALIDATE_PRODUCT = YES;
			};
			name = Release;
		};
		9EF1310619E029AA00843F02 /* Debug */ = {
			isa = XCBuildConfiguration;
			baseConfigurationReference = 4F31BCE0235B414E8512474C /* Pods.xcconfig */;
			buildSettings = {
				ASSETCATALOG_COMPILER_APPICON_NAME = AppIcon;
				INFOPLIST_FILE = PianoMemory/Info.plist;
				IPHONEOS_DEPLOYMENT_TARGET = 6.0;
				LD_RUNPATH_SEARCH_PATHS = "$(inherited) @executable_path/Frameworks";
				PRODUCT_NAME = "$(TARGET_NAME)";
			};
			name = Debug;
		};
		9EF1310719E029AA00843F02 /* Release */ = {
			isa = XCBuildConfiguration;
			baseConfigurationReference = 4F31BCE0235B414E8512474C /* Pods.xcconfig */;
			buildSettings = {
				ASSETCATALOG_COMPILER_APPICON_NAME = AppIcon;
				INFOPLIST_FILE = PianoMemory/Info.plist;
				IPHONEOS_DEPLOYMENT_TARGET = 6.0;
				LD_RUNPATH_SEARCH_PATHS = "$(inherited) @executable_path/Frameworks";
				PRODUCT_NAME = "$(TARGET_NAME)";
			};
			name = Release;
		};
		9EF1310919E029AA00843F02 /* Debug */ = {
			isa = XCBuildConfiguration;
			buildSettings = {
				BUNDLE_LOADER = "$(TEST_HOST)";
				FRAMEWORK_SEARCH_PATHS = (
					"$(SDKROOT)/Developer/Library/Frameworks",
					"$(inherited)",
				);
				GCC_PREPROCESSOR_DEFINITIONS = (
					"DEBUG=1",
					"$(inherited)",
				);
				INFOPLIST_FILE = PianoMemoryTests/Info.plist;
				LD_RUNPATH_SEARCH_PATHS = "$(inherited) @executable_path/Frameworks @loader_path/Frameworks";
				PRODUCT_NAME = "$(TARGET_NAME)";
				TEST_HOST = "$(BUILT_PRODUCTS_DIR)/PianoMemory.app/PianoMemory";
			};
			name = Debug;
		};
		9EF1310A19E029AA00843F02 /* Release */ = {
			isa = XCBuildConfiguration;
			buildSettings = {
				BUNDLE_LOADER = "$(TEST_HOST)";
				FRAMEWORK_SEARCH_PATHS = (
					"$(SDKROOT)/Developer/Library/Frameworks",
					"$(inherited)",
				);
				INFOPLIST_FILE = PianoMemoryTests/Info.plist;
				LD_RUNPATH_SEARCH_PATHS = "$(inherited) @executable_path/Frameworks @loader_path/Frameworks";
				PRODUCT_NAME = "$(TARGET_NAME)";
				TEST_HOST = "$(BUILT_PRODUCTS_DIR)/PianoMemory.app/PianoMemory";
			};
			name = Release;
		};
/* End XCBuildConfiguration section */

/* Begin XCConfigurationList section */
		9EF130DD19E029A900843F02 /* Build configuration list for PBXProject "PianoMemory" */ = {
			isa = XCConfigurationList;
			buildConfigurations = (
				9EF1310319E029AA00843F02 /* Debug */,
				9EF1310419E029AA00843F02 /* Release */,
			);
			defaultConfigurationIsVisible = 0;
			defaultConfigurationName = Release;
		};
		9EF1310519E029AA00843F02 /* Build configuration list for PBXNativeTarget "PianoMemory" */ = {
			isa = XCConfigurationList;
			buildConfigurations = (
				9EF1310619E029AA00843F02 /* Debug */,
				9EF1310719E029AA00843F02 /* Release */,
			);
			defaultConfigurationIsVisible = 0;
			defaultConfigurationName = Release;
		};
		9EF1310819E029AA00843F02 /* Build configuration list for PBXNativeTarget "PianoMemoryTests" */ = {
			isa = XCConfigurationList;
			buildConfigurations = (
				9EF1310919E029AA00843F02 /* Debug */,
				9EF1310A19E029AA00843F02 /* Release */,
			);
			defaultConfigurationIsVisible = 0;
			defaultConfigurationName = Release;
		};
/* End XCConfigurationList section */
	};
	rootObject = 9EF130DA19E029A900843F02 /* Project object */;
}
